<?xml version="1.0" encoding="utf-8"?>
<Project ToolsVersion="4.0" xmlns="http://schemas.microsoft.com/developer/msbuild/2003">
  <ItemGroup>
    <Filter Include="TheGoodGameEngine">
      <UniqueIdentifier>{1F0E0C14-8B24-0AAA-D49B-95CB40F1DA31}</UniqueIdentifier>
    </Filter>
    <Filter Include="TheGoodGameEngine\Events">
      <UniqueIdentifier>{23C19E8F-0FE6-ED0F-3831-D39F24B5EC2D}</UniqueIdentifier>
    </Filter>
  </ItemGroup>
  <ItemGroup>
    <ClInclude Include="src\TheGoodGameEngine.h" />
    <ClInclude Include="src\TheGoodGameEngine\Application.h">
      <Filter>TheGoodGameEngine</Filter>
    </ClInclude>
    <ClInclude Include="src\TheGoodGameEngine\Core.h">
      <Filter>TheGoodGameEngine</Filter>
    </ClInclude>
    <ClInclude Include="src\TheGoodGameEngine\EntryPoint.h">
      <Filter>TheGoodGameEngine</Filter>
    </ClInclude>
    <ClInclude Include="src\TheGoodGameEngine\Events\ApplicationEvent.h">
      <Filter>TheGoodGameEngine\Events</Filter>
    </ClInclude>
    <ClInclude Include="src\TheGoodGameEngine\Events\Event.h">
      <Filter>TheGoodGameEngine\Events</Filter>
    </ClInclude>
    <ClInclude Include="src\TheGoodGameEngine\Events\KeyEvent.h">
      <Filter>TheGoodGameEngine\Events</Filter>
    </ClInclude>
    <ClInclude Include="src\TheGoodGameEngine\Events\MouseEvent.h">
      <Filter>TheGoodGameEngine\Events</Filter>
    </ClInclude>
    <ClInclude Include="src\TheGoodGameEngine\Log.h">
      <Filter>TheGoodGameEngine</Filter>
    </ClInclude>
  </ItemGroup>
  <ItemGroup>
    <ClCompile Include="src\TheGoodGameEngine\Application.cpp">
      <Filter>TheGoodGameEngine</Filter>
    </ClCompile>
    <ClCompile Include="src\TheGoodGameEngine\Log.cpp">
      <Filter>TheGoodGameEngine</Filter>
    </ClCompile>
  </ItemGroup>
</Project>